// !$*UTF8*$!
{
	archiveVersion = 1;
	classes = {
	};
	objectVersion = 56;
	objects = {

/* Begin PBXBuildFile section */
		461EA3A22956E24C00BBFB14 /* ProfileInfoCellViewModel.swift in Sources */ = {isa = PBXBuildFile; fileRef = 461EA3A12956E24C00BBFB14 /* ProfileInfoCellViewModel.swift */; };
		461EA3A42956E26A00BBFB14 /* ProfilePhotoCell.swift in Sources */ = {isa = PBXBuildFile; fileRef = 461EA3A32956E26A00BBFB14 /* ProfilePhotoCell.swift */; };
		461EA3A62956E27A00BBFB14 /* ProfilePhotoCellViewModel.swift in Sources */ = {isa = PBXBuildFile; fileRef = 461EA3A52956E27A00BBFB14 /* ProfilePhotoCellViewModel.swift */; };
		461EA3A82956E28F00BBFB14 /* ProfilePostCell.swift in Sources */ = {isa = PBXBuildFile; fileRef = 461EA3A72956E28F00BBFB14 /* ProfilePostCell.swift */; };
		461EA3AA2956E2A000BBFB14 /* ProfilePostCellViewModel.swift in Sources */ = {isa = PBXBuildFile; fileRef = 461EA3A92956E2A000BBFB14 /* ProfilePostCellViewModel.swift */; };
		461EA3B02956E76F00BBFB14 /* ProfileSection.swift in Sources */ = {isa = PBXBuildFile; fileRef = 461EA3AF2956E76F00BBFB14 /* ProfileSection.swift */; };
		461EA3B22956EB5800BBFB14 /* UICollectionView+Extension.swift in Sources */ = {isa = PBXBuildFile; fileRef = 461EA3B12956EB5800BBFB14 /* UICollectionView+Extension.swift */; };
		461EA3B42956F86100BBFB14 /* ProfileCompositionalLayout.swift in Sources */ = {isa = PBXBuildFile; fileRef = 461EA3B32956F86100BBFB14 /* ProfileCompositionalLayout.swift */; };
		461EA3B62959CCBD00BBFB14 /* profile.json in Resources */ = {isa = PBXBuildFile; fileRef = 461EA3B52959CCBD00BBFB14 /* profile.json */; };
		461EA3B8295A17A000BBFB14 /* ProfilePhotosViewContoller.swift in Sources */ = {isa = PBXBuildFile; fileRef = 461EA3B7295A17A000BBFB14 /* ProfilePhotosViewContoller.swift */; };
		461EA3C0295A290900BBFB14 /* ProfileSettingsViewController.swift in Sources */ = {isa = PBXBuildFile; fileRef = 461EA3BF295A290900BBFB14 /* ProfileSettingsViewController.swift */; };
		461EA3C7295AD46700BBFB14 /* ProfilePhotosViewModel.swift in Sources */ = {isa = PBXBuildFile; fileRef = 461EA3C6295AD46700BBFB14 /* ProfilePhotosViewModel.swift */; };
		461EA3CC295AE9B700BBFB14 /* ProfilePhotosDetailViewController.swift in Sources */ = {isa = PBXBuildFile; fileRef = 461EA3CB295AE9B700BBFB14 /* ProfilePhotosDetailViewController.swift */; };
		461EA3CE295AEDEA00BBFB14 /* ProfilePhotosDetailViewModel.swift in Sources */ = {isa = PBXBuildFile; fileRef = 461EA3CD295AEDEA00BBFB14 /* ProfilePhotosDetailViewModel.swift */; };
		461EA3D1295AF0F900BBFB14 /* ProfilePostDetailViewController.swift in Sources */ = {isa = PBXBuildFile; fileRef = 461EA3D0295AF0F900BBFB14 /* ProfilePostDetailViewController.swift */; };
		461EA3D3295AF1A000BBFB14 /* ProfilePostDetailViewModel.swift in Sources */ = {isa = PBXBuildFile; fileRef = 461EA3D2295AF1A000BBFB14 /* ProfilePostDetailViewModel.swift */; };
		461EA3D8295B074300BBFB14 /* FirebaseAuth in Frameworks */ = {isa = PBXBuildFile; productRef = 461EA3D7295B074300BBFB14 /* FirebaseAuth */; };
		461EA3DA295B454000BBFB14 /* AuthService.swift in Sources */ = {isa = PBXBuildFile; fileRef = 461EA3D9295B454000BBFB14 /* AuthService.swift */; };
		461EA3DD295B6D0600BBFB14 /* ConfirmLoginViewModel.swift in Sources */ = {isa = PBXBuildFile; fileRef = 461EA3DC295B6D0600BBFB14 /* ConfirmLoginViewModel.swift */; };
		461EA3DF295B6F5400BBFB14 /* ConfirmRegisterViewModel.swift in Sources */ = {isa = PBXBuildFile; fileRef = 461EA3DE295B6F5400BBFB14 /* ConfirmRegisterViewModel.swift */; };
		461EA3E1295B70D200BBFB14 /* GoogleService-Info.plist in Resources */ = {isa = PBXBuildFile; fileRef = 461EA3E0295B70D200BBFB14 /* GoogleService-Info.plist */; };
		4626EA772949EB3A006C55D9 /* CircularImageView.swift in Sources */ = {isa = PBXBuildFile; fileRef = 4626EA762949EB3A006C55D9 /* CircularImageView.swift */; };
		4626EA792949FB96006C55D9 /* String+Extension.swift in Sources */ = {isa = PBXBuildFile; fileRef = 4626EA782949FB96006C55D9 /* String+Extension.swift */; };
		4626EA7E294A079E006C55D9 /* ProfileViewController.swift in Sources */ = {isa = PBXBuildFile; fileRef = 4626EA7D294A079E006C55D9 /* ProfileViewController.swift */; };
		4647A72C2951DCB100C32B3D /* AppCoordinator.swift in Sources */ = {isa = PBXBuildFile; fileRef = 4647A72B2951DCB100C32B3D /* AppCoordinator.swift */; };
		4647A72E2951DD8100C32B3D /* TabCoordinator.swift in Sources */ = {isa = PBXBuildFile; fileRef = 4647A72D2951DD8100C32B3D /* TabCoordinator.swift */; };
		4647A7312951DDFC00C32B3D /* AuthViewController.swift in Sources */ = {isa = PBXBuildFile; fileRef = 4647A7302951DDFC00C32B3D /* AuthViewController.swift */; };
		4647A7342951DE4800C32B3D /* LoginViewController.swift in Sources */ = {isa = PBXBuildFile; fileRef = 4647A7332951DE4800C32B3D /* LoginViewController.swift */; };
		4647A7362951DE9A00C32B3D /* ConfirmLoginViewController.swift in Sources */ = {isa = PBXBuildFile; fileRef = 4647A7352951DE9A00C32B3D /* ConfirmLoginViewController.swift */; };
		4647A7392951DED500C32B3D /* RegisterViewController.swift in Sources */ = {isa = PBXBuildFile; fileRef = 4647A7382951DED500C32B3D /* RegisterViewController.swift */; };
		4647A73B2951DEFE00C32B3D /* ConfirmRegisterViewController.swift in Sources */ = {isa = PBXBuildFile; fileRef = 4647A73A2951DEFE00C32B3D /* ConfirmRegisterViewController.swift */; };
		4647A73D2951DF6200C32B3D /* AuthCoordinator.swift in Sources */ = {isa = PBXBuildFile; fileRef = 4647A73C2951DF6200C32B3D /* AuthCoordinator.swift */; };
		4647A73F2951E4BB00C32B3D /* HomeCoordinator.swift in Sources */ = {isa = PBXBuildFile; fileRef = 4647A73E2951E4BB00C32B3D /* HomeCoordinator.swift */; };
		4647A7452952232900C32B3D /* UIView+Extension.swift in Sources */ = {isa = PBXBuildFile; fileRef = 4647A7442952232900C32B3D /* UIView+Extension.swift */; };
		4647A74829522D4300C32B3D /* HomeViewModel.swift in Sources */ = {isa = PBXBuildFile; fileRef = 4647A74729522D4300C32B3D /* HomeViewModel.swift */; };
		467C76D12948C376008FAC55 /* AppDelegate.swift in Sources */ = {isa = PBXBuildFile; fileRef = 467C76D02948C376008FAC55 /* AppDelegate.swift */; };
		467C76D32948C376008FAC55 /* SceneDelegate.swift in Sources */ = {isa = PBXBuildFile; fileRef = 467C76D22948C376008FAC55 /* SceneDelegate.swift */; };
		467C76DA2948C378008FAC55 /* Assets.xcassets in Resources */ = {isa = PBXBuildFile; fileRef = 467C76D92948C378008FAC55 /* Assets.xcassets */; };
		467C76DD2948C378008FAC55 /* LaunchScreen.storyboard in Resources */ = {isa = PBXBuildFile; fileRef = 467C76DB2948C378008FAC55 /* LaunchScreen.storyboard */; };
		467C76E82948C378008FAC55 /* VnavigateTests.swift in Sources */ = {isa = PBXBuildFile; fileRef = 467C76E72948C378008FAC55 /* VnavigateTests.swift */; };
		467C76F22948C378008FAC55 /* VnavigateUITests.swift in Sources */ = {isa = PBXBuildFile; fileRef = 467C76F12948C378008FAC55 /* VnavigateUITests.swift */; };
		467C76F42948C378008FAC55 /* VnavigateUITestsLaunchTests.swift in Sources */ = {isa = PBXBuildFile; fileRef = 467C76F32948C378008FAC55 /* VnavigateUITestsLaunchTests.swift */; };
		467C77032948C427008FAC55 /* CustomColor.swift in Sources */ = {isa = PBXBuildFile; fileRef = 467C77022948C427008FAC55 /* CustomColor.swift */; };
		467C77052948C510008FAC55 /* PhoneNumberFofmatter.swift in Sources */ = {isa = PBXBuildFile; fileRef = 467C77042948C510008FAC55 /* PhoneNumberFofmatter.swift */; };
		467C77112948CC02008FAC55 /* HomeViewController.swift in Sources */ = {isa = PBXBuildFile; fileRef = 467C77102948CC02008FAC55 /* HomeViewController.swift */; };
		467C77172948CFCA008FAC55 /* home.json in Resources */ = {isa = PBXBuildFile; fileRef = 467C77162948CFCA008FAC55 /* home.json */; };
		467C77192948D005008FAC55 /* MockModel.swift in Sources */ = {isa = PBXBuildFile; fileRef = 467C77182948D005008FAC55 /* MockModel.swift */; };
		467C771C2948D798008FAC55 /* FriendCell.swift in Sources */ = {isa = PBXBuildFile; fileRef = 467C771B2948D798008FAC55 /* FriendCell.swift */; };
		467C771E2948DB30008FAC55 /* PostCell.swift in Sources */ = {isa = PBXBuildFile; fileRef = 467C771D2948DB30008FAC55 /* PostCell.swift */; };
		468664512953AF9F000E321E /* Typealiases.swift in Sources */ = {isa = PBXBuildFile; fileRef = 468664502953AF9F000E321E /* Typealiases.swift */; };
		468664542953B070000E321E /* FetchService.swift in Sources */ = {isa = PBXBuildFile; fileRef = 468664532953B070000E321E /* FetchService.swift */; };
		468664562953B148000E321E /* LayoutManager.swift in Sources */ = {isa = PBXBuildFile; fileRef = 468664552953B148000E321E /* LayoutManager.swift */; };
		468664582953B255000E321E /* HomePostDetailViewController.swift in Sources */ = {isa = PBXBuildFile; fileRef = 468664572953B254000E321E /* HomePostDetailViewController.swift */; };
		4686645A2953B386000E321E /* UIAlertController+Extension.swift in Sources */ = {isa = PBXBuildFile; fileRef = 468664592953B386000E321E /* UIAlertController+Extension.swift */; };
		4686645C29546A50000E321E /* CustomError.swift in Sources */ = {isa = PBXBuildFile; fileRef = 4686645B29546A50000E321E /* CustomError.swift */; };
		4686645E29546B14000E321E /* State.swift in Sources */ = {isa = PBXBuildFile; fileRef = 4686645D29546B14000E321E /* State.swift */; };
		4686646029546FD9000E321E /* ProfileCoordinator.swift in Sources */ = {isa = PBXBuildFile; fileRef = 4686645F29546FD9000E321E /* ProfileCoordinator.swift */; };
		468664622954703C000E321E /* ProfileViewModel.swift in Sources */ = {isa = PBXBuildFile; fileRef = 468664612954703C000E321E /* ProfileViewModel.swift */; };
		468664652954743F000E321E /* ProfileInfoCell.swift in Sources */ = {isa = PBXBuildFile; fileRef = 468664642954743F000E321E /* ProfileInfoCell.swift */; };
		46F6C625295F2CE20015AABA /* FavoritesViewController.swift in Sources */ = {isa = PBXBuildFile; fileRef = 46F6C624295F2CE20015AABA /* FavoritesViewController.swift */; };
		46F6C627295F2D1B0015AABA /* FavoritesDetailsViewController.swift in Sources */ = {isa = PBXBuildFile; fileRef = 46F6C626295F2D1B0015AABA /* FavoritesDetailsViewController.swift */; };
		46F6C62A295F2D550015AABA /* FavoritesCoordinator.swift in Sources */ = {isa = PBXBuildFile; fileRef = 46F6C629295F2D550015AABA /* FavoritesCoordinator.swift */; };
		46F6C62C295F2E2B0015AABA /* FavoritesDetailsViewModel.swift in Sources */ = {isa = PBXBuildFile; fileRef = 46F6C62B295F2E2B0015AABA /* FavoritesDetailsViewModel.swift */; };
		46F6C62E295F2E680015AABA /* FavoritesViewModel.swift in Sources */ = {isa = PBXBuildFile; fileRef = 46F6C62D295F2E680015AABA /* FavoritesViewModel.swift */; };
		46F6C633295F315D0015AABA /* FavoritesSection.swift in Sources */ = {isa = PBXBuildFile; fileRef = 46F6C632295F315D0015AABA /* FavoritesSection.swift */; };
		46F6C636295F345B0015AABA /* FavoritesCompositionLayout.swift in Sources */ = {isa = PBXBuildFile; fileRef = 46F6C635295F345B0015AABA /* FavoritesCompositionLayout.swift */; };
		46F6C638295F363E0015AABA /* FavoritesCell.swift in Sources */ = {isa = PBXBuildFile; fileRef = 46F6C637295F363E0015AABA /* FavoritesCell.swift */; };
		46F6C63A295F50F50015AABA /* favorites.json in Resources */ = {isa = PBXBuildFile; fileRef = 46F6C639295F50F50015AABA /* favorites.json */; };
/* End PBXBuildFile section */

/* Begin PBXContainerItemProxy section */
		467C76E42948C378008FAC55 /* PBXContainerItemProxy */ = {
			isa = PBXContainerItemProxy;
			containerPortal = 467C76C52948C376008FAC55 /* Project object */;
			proxyType = 1;
			remoteGlobalIDString = 467C76CC2948C376008FAC55;
			remoteInfo = Vnavigate;
		};
		467C76EE2948C378008FAC55 /* PBXContainerItemProxy */ = {
			isa = PBXContainerItemProxy;
			containerPortal = 467C76C52948C376008FAC55 /* Project object */;
			proxyType = 1;
			remoteGlobalIDString = 467C76CC2948C376008FAC55;
			remoteInfo = Vnavigate;
		};
/* End PBXContainerItemProxy section */

/* Begin PBXFileReference section */
		461EA3A12956E24C00BBFB14 /* ProfileInfoCellViewModel.swift */ = {isa = PBXFileReference; lastKnownFileType = sourcecode.swift; path = ProfileInfoCellViewModel.swift; sourceTree = "<group>"; };
		461EA3A32956E26A00BBFB14 /* ProfilePhotoCell.swift */ = {isa = PBXFileReference; lastKnownFileType = sourcecode.swift; path = ProfilePhotoCell.swift; sourceTree = "<group>"; };
		461EA3A52956E27A00BBFB14 /* ProfilePhotoCellViewModel.swift */ = {isa = PBXFileReference; lastKnownFileType = sourcecode.swift; path = ProfilePhotoCellViewModel.swift; sourceTree = "<group>"; };
		461EA3A72956E28F00BBFB14 /* ProfilePostCell.swift */ = {isa = PBXFileReference; lastKnownFileType = sourcecode.swift; path = ProfilePostCell.swift; sourceTree = "<group>"; };
		461EA3A92956E2A000BBFB14 /* ProfilePostCellViewModel.swift */ = {isa = PBXFileReference; lastKnownFileType = sourcecode.swift; path = ProfilePostCellViewModel.swift; sourceTree = "<group>"; };
		461EA3AF2956E76F00BBFB14 /* ProfileSection.swift */ = {isa = PBXFileReference; lastKnownFileType = sourcecode.swift; path = ProfileSection.swift; sourceTree = "<group>"; };
		461EA3B12956EB5800BBFB14 /* UICollectionView+Extension.swift */ = {isa = PBXFileReference; lastKnownFileType = sourcecode.swift; path = "UICollectionView+Extension.swift"; sourceTree = "<group>"; };
		461EA3B32956F86100BBFB14 /* ProfileCompositionalLayout.swift */ = {isa = PBXFileReference; lastKnownFileType = sourcecode.swift; path = ProfileCompositionalLayout.swift; sourceTree = "<group>"; };
		461EA3B52959CCBD00BBFB14 /* profile.json */ = {isa = PBXFileReference; lastKnownFileType = text.json; path = profile.json; sourceTree = "<group>"; };
		461EA3B7295A17A000BBFB14 /* ProfilePhotosViewContoller.swift */ = {isa = PBXFileReference; lastKnownFileType = sourcecode.swift; path = ProfilePhotosViewContoller.swift; sourceTree = "<group>"; };
		461EA3BF295A290900BBFB14 /* ProfileSettingsViewController.swift */ = {isa = PBXFileReference; lastKnownFileType = sourcecode.swift; path = ProfileSettingsViewController.swift; sourceTree = "<group>"; };
		461EA3C6295AD46700BBFB14 /* ProfilePhotosViewModel.swift */ = {isa = PBXFileReference; lastKnownFileType = sourcecode.swift; path = ProfilePhotosViewModel.swift; sourceTree = "<group>"; };
		461EA3CB295AE9B700BBFB14 /* ProfilePhotosDetailViewController.swift */ = {isa = PBXFileReference; lastKnownFileType = sourcecode.swift; path = ProfilePhotosDetailViewController.swift; sourceTree = "<group>"; };
		461EA3CD295AEDEA00BBFB14 /* ProfilePhotosDetailViewModel.swift */ = {isa = PBXFileReference; lastKnownFileType = sourcecode.swift; path = ProfilePhotosDetailViewModel.swift; sourceTree = "<group>"; };
		461EA3D0295AF0F900BBFB14 /* ProfilePostDetailViewController.swift */ = {isa = PBXFileReference; lastKnownFileType = sourcecode.swift; path = ProfilePostDetailViewController.swift; sourceTree = "<group>"; };
		461EA3D2295AF1A000BBFB14 /* ProfilePostDetailViewModel.swift */ = {isa = PBXFileReference; lastKnownFileType = sourcecode.swift; path = ProfilePostDetailViewModel.swift; sourceTree = "<group>"; };
		461EA3D9295B454000BBFB14 /* AuthService.swift */ = {isa = PBXFileReference; lastKnownFileType = sourcecode.swift; path = AuthService.swift; sourceTree = "<group>"; };
		461EA3DC295B6D0600BBFB14 /* ConfirmLoginViewModel.swift */ = {isa = PBXFileReference; lastKnownFileType = sourcecode.swift; path = ConfirmLoginViewModel.swift; sourceTree = "<group>"; };
		461EA3DE295B6F5400BBFB14 /* ConfirmRegisterViewModel.swift */ = {isa = PBXFileReference; lastKnownFileType = sourcecode.swift; path = ConfirmRegisterViewModel.swift; sourceTree = "<group>"; };
		461EA3E0295B70D200BBFB14 /* GoogleService-Info.plist */ = {isa = PBXFileReference; fileEncoding = 4; lastKnownFileType = text.plist.xml; path = "GoogleService-Info.plist"; sourceTree = "<group>"; };
		4626EA762949EB3A006C55D9 /* CircularImageView.swift */ = {isa = PBXFileReference; lastKnownFileType = sourcecode.swift; path = CircularImageView.swift; sourceTree = "<group>"; };
		4626EA782949FB96006C55D9 /* String+Extension.swift */ = {isa = PBXFileReference; lastKnownFileType = sourcecode.swift; path = "String+Extension.swift"; sourceTree = "<group>"; };
		4626EA7D294A079E006C55D9 /* ProfileViewController.swift */ = {isa = PBXFileReference; lastKnownFileType = sourcecode.swift; path = ProfileViewController.swift; sourceTree = "<group>"; };
		4647A72B2951DCB100C32B3D /* AppCoordinator.swift */ = {isa = PBXFileReference; lastKnownFileType = sourcecode.swift; path = AppCoordinator.swift; sourceTree = "<group>"; };
		4647A72D2951DD8100C32B3D /* TabCoordinator.swift */ = {isa = PBXFileReference; lastKnownFileType = sourcecode.swift; path = TabCoordinator.swift; sourceTree = "<group>"; };
		4647A7302951DDFC00C32B3D /* AuthViewController.swift */ = {isa = PBXFileReference; lastKnownFileType = sourcecode.swift; path = AuthViewController.swift; sourceTree = "<group>"; };
		4647A7332951DE4800C32B3D /* LoginViewController.swift */ = {isa = PBXFileReference; lastKnownFileType = sourcecode.swift; path = LoginViewController.swift; sourceTree = "<group>"; };
		4647A7352951DE9A00C32B3D /* ConfirmLoginViewController.swift */ = {isa = PBXFileReference; lastKnownFileType = sourcecode.swift; path = ConfirmLoginViewController.swift; sourceTree = "<group>"; };
		4647A7382951DED500C32B3D /* RegisterViewController.swift */ = {isa = PBXFileReference; lastKnownFileType = sourcecode.swift; path = RegisterViewController.swift; sourceTree = "<group>"; };
		4647A73A2951DEFE00C32B3D /* ConfirmRegisterViewController.swift */ = {isa = PBXFileReference; lastKnownFileType = sourcecode.swift; path = ConfirmRegisterViewController.swift; sourceTree = "<group>"; };
		4647A73C2951DF6200C32B3D /* AuthCoordinator.swift */ = {isa = PBXFileReference; lastKnownFileType = sourcecode.swift; path = AuthCoordinator.swift; sourceTree = "<group>"; };
		4647A73E2951E4BB00C32B3D /* HomeCoordinator.swift */ = {isa = PBXFileReference; lastKnownFileType = sourcecode.swift; path = HomeCoordinator.swift; sourceTree = "<group>"; };
		4647A7442952232900C32B3D /* UIView+Extension.swift */ = {isa = PBXFileReference; lastKnownFileType = sourcecode.swift; path = "UIView+Extension.swift"; sourceTree = "<group>"; };
		4647A74729522D4300C32B3D /* HomeViewModel.swift */ = {isa = PBXFileReference; lastKnownFileType = sourcecode.swift; path = HomeViewModel.swift; sourceTree = "<group>"; };
		467C76CD2948C376008FAC55 /* Vnavigate.app */ = {isa = PBXFileReference; explicitFileType = wrapper.application; includeInIndex = 0; path = Vnavigate.app; sourceTree = BUILT_PRODUCTS_DIR; };
		467C76D02948C376008FAC55 /* AppDelegate.swift */ = {isa = PBXFileReference; lastKnownFileType = sourcecode.swift; path = AppDelegate.swift; sourceTree = "<group>"; };
		467C76D22948C376008FAC55 /* SceneDelegate.swift */ = {isa = PBXFileReference; lastKnownFileType = sourcecode.swift; path = SceneDelegate.swift; sourceTree = "<group>"; };
		467C76D92948C378008FAC55 /* Assets.xcassets */ = {isa = PBXFileReference; lastKnownFileType = folder.assetcatalog; path = Assets.xcassets; sourceTree = "<group>"; };
		467C76DC2948C378008FAC55 /* Base */ = {isa = PBXFileReference; lastKnownFileType = file.storyboard; name = Base; path = Base.lproj/LaunchScreen.storyboard; sourceTree = "<group>"; };
		467C76DE2948C378008FAC55 /* Info.plist */ = {isa = PBXFileReference; lastKnownFileType = text.plist.xml; path = Info.plist; sourceTree = "<group>"; };
		467C76E32948C378008FAC55 /* VnavigateTests.xctest */ = {isa = PBXFileReference; explicitFileType = wrapper.cfbundle; includeInIndex = 0; path = VnavigateTests.xctest; sourceTree = BUILT_PRODUCTS_DIR; };
		467C76E72948C378008FAC55 /* VnavigateTests.swift */ = {isa = PBXFileReference; lastKnownFileType = sourcecode.swift; path = VnavigateTests.swift; sourceTree = "<group>"; };
		467C76ED2948C378008FAC55 /* VnavigateUITests.xctest */ = {isa = PBXFileReference; explicitFileType = wrapper.cfbundle; includeInIndex = 0; path = VnavigateUITests.xctest; sourceTree = BUILT_PRODUCTS_DIR; };
		467C76F12948C378008FAC55 /* VnavigateUITests.swift */ = {isa = PBXFileReference; lastKnownFileType = sourcecode.swift; path = VnavigateUITests.swift; sourceTree = "<group>"; };
		467C76F32948C378008FAC55 /* VnavigateUITestsLaunchTests.swift */ = {isa = PBXFileReference; lastKnownFileType = sourcecode.swift; path = VnavigateUITestsLaunchTests.swift; sourceTree = "<group>"; };
		467C77022948C427008FAC55 /* CustomColor.swift */ = {isa = PBXFileReference; lastKnownFileType = sourcecode.swift; path = CustomColor.swift; sourceTree = "<group>"; };
		467C77042948C510008FAC55 /* PhoneNumberFofmatter.swift */ = {isa = PBXFileReference; lastKnownFileType = sourcecode.swift; path = PhoneNumberFofmatter.swift; sourceTree = "<group>"; };
		467C77102948CC02008FAC55 /* HomeViewController.swift */ = {isa = PBXFileReference; lastKnownFileType = sourcecode.swift; path = HomeViewController.swift; sourceTree = "<group>"; };
		467C77162948CFCA008FAC55 /* home.json */ = {isa = PBXFileReference; lastKnownFileType = text.json; path = home.json; sourceTree = "<group>"; };
		467C77182948D005008FAC55 /* MockModel.swift */ = {isa = PBXFileReference; lastKnownFileType = sourcecode.swift; path = MockModel.swift; sourceTree = "<group>"; };
		467C771B2948D798008FAC55 /* FriendCell.swift */ = {isa = PBXFileReference; lastKnownFileType = sourcecode.swift; path = FriendCell.swift; sourceTree = "<group>"; };
		467C771D2948DB30008FAC55 /* PostCell.swift */ = {isa = PBXFileReference; lastKnownFileType = sourcecode.swift; path = PostCell.swift; sourceTree = "<group>"; };
		468664502953AF9F000E321E /* Typealiases.swift */ = {isa = PBXFileReference; lastKnownFileType = sourcecode.swift; path = Typealiases.swift; sourceTree = "<group>"; };
		468664532953B070000E321E /* FetchService.swift */ = {isa = PBXFileReference; lastKnownFileType = sourcecode.swift; path = FetchService.swift; sourceTree = "<group>"; };
		468664552953B148000E321E /* LayoutManager.swift */ = {isa = PBXFileReference; lastKnownFileType = sourcecode.swift; path = LayoutManager.swift; sourceTree = "<group>"; };
		468664572953B254000E321E /* HomePostDetailViewController.swift */ = {isa = PBXFileReference; lastKnownFileType = sourcecode.swift; path = HomePostDetailViewController.swift; sourceTree = "<group>"; };
		468664592953B386000E321E /* UIAlertController+Extension.swift */ = {isa = PBXFileReference; lastKnownFileType = sourcecode.swift; path = "UIAlertController+Extension.swift"; sourceTree = "<group>"; };
		4686645B29546A50000E321E /* CustomError.swift */ = {isa = PBXFileReference; lastKnownFileType = sourcecode.swift; path = CustomError.swift; sourceTree = "<group>"; };
		4686645D29546B14000E321E /* State.swift */ = {isa = PBXFileReference; lastKnownFileType = sourcecode.swift; path = State.swift; sourceTree = "<group>"; };
		4686645F29546FD9000E321E /* ProfileCoordinator.swift */ = {isa = PBXFileReference; lastKnownFileType = sourcecode.swift; path = ProfileCoordinator.swift; sourceTree = "<group>"; };
		468664612954703C000E321E /* ProfileViewModel.swift */ = {isa = PBXFileReference; lastKnownFileType = sourcecode.swift; path = ProfileViewModel.swift; sourceTree = "<group>"; };
		468664642954743F000E321E /* ProfileInfoCell.swift */ = {isa = PBXFileReference; lastKnownFileType = sourcecode.swift; path = ProfileInfoCell.swift; sourceTree = "<group>"; };
		46F6C624295F2CE20015AABA /* FavoritesViewController.swift */ = {isa = PBXFileReference; lastKnownFileType = sourcecode.swift; path = FavoritesViewController.swift; sourceTree = "<group>"; };
		46F6C626295F2D1B0015AABA /* FavoritesDetailsViewController.swift */ = {isa = PBXFileReference; lastKnownFileType = sourcecode.swift; path = FavoritesDetailsViewController.swift; sourceTree = "<group>"; };
		46F6C629295F2D550015AABA /* FavoritesCoordinator.swift */ = {isa = PBXFileReference; lastKnownFileType = sourcecode.swift; path = FavoritesCoordinator.swift; sourceTree = "<group>"; };
		46F6C62B295F2E2B0015AABA /* FavoritesDetailsViewModel.swift */ = {isa = PBXFileReference; lastKnownFileType = sourcecode.swift; path = FavoritesDetailsViewModel.swift; sourceTree = "<group>"; };
		46F6C62D295F2E680015AABA /* FavoritesViewModel.swift */ = {isa = PBXFileReference; lastKnownFileType = sourcecode.swift; path = FavoritesViewModel.swift; sourceTree = "<group>"; };
		46F6C632295F315D0015AABA /* FavoritesSection.swift */ = {isa = PBXFileReference; lastKnownFileType = sourcecode.swift; path = FavoritesSection.swift; sourceTree = "<group>"; };
		46F6C635295F345B0015AABA /* FavoritesCompositionLayout.swift */ = {isa = PBXFileReference; lastKnownFileType = sourcecode.swift; path = FavoritesCompositionLayout.swift; sourceTree = "<group>"; };
		46F6C637295F363E0015AABA /* FavoritesCell.swift */ = {isa = PBXFileReference; lastKnownFileType = sourcecode.swift; path = FavoritesCell.swift; sourceTree = "<group>"; };
		46F6C639295F50F50015AABA /* favorites.json */ = {isa = PBXFileReference; lastKnownFileType = text.json; path = favorites.json; sourceTree = "<group>"; };
/* End PBXFileReference section */

/* Begin PBXFrameworksBuildPhase section */
		467C76CA2948C376008FAC55 /* Frameworks */ = {
			isa = PBXFrameworksBuildPhase;
			buildActionMask = 2147483647;
			files = (
				461EA3D8295B074300BBFB14 /* FirebaseAuth in Frameworks */,
			);
			runOnlyForDeploymentPostprocessing = 0;
		};
		467C76E02948C378008FAC55 /* Frameworks */ = {
			isa = PBXFrameworksBuildPhase;
			buildActionMask = 2147483647;
			files = (
			);
			runOnlyForDeploymentPostprocessing = 0;
		};
		467C76EA2948C378008FAC55 /* Frameworks */ = {
			isa = PBXFrameworksBuildPhase;
			buildActionMask = 2147483647;
			files = (
			);
			runOnlyForDeploymentPostprocessing = 0;
		};
/* End PBXFrameworksBuildPhase section */

/* Begin PBXGroup section */
		461EA3A02956E1F600BBFB14 /* ViewModels */ = {
			isa = PBXGroup;
			children = (
				468664612954703C000E321E /* ProfileViewModel.swift */,
				461EA3A12956E24C00BBFB14 /* ProfileInfoCellViewModel.swift */,
				461EA3A52956E27A00BBFB14 /* ProfilePhotoCellViewModel.swift */,
				461EA3C6295AD46700BBFB14 /* ProfilePhotosViewModel.swift */,
				461EA3A92956E2A000BBFB14 /* ProfilePostCellViewModel.swift */,
				461EA3CD295AEDEA00BBFB14 /* ProfilePhotosDetailViewModel.swift */,
				461EA3D2295AF1A000BBFB14 /* ProfilePostDetailViewModel.swift */,
			);
			path = ViewModels;
			sourceTree = "<group>";
		};
		461EA3AC2956E32E00BBFB14 /* Models */ = {
			isa = PBXGroup;
			children = (
				461EA3AF2956E76F00BBFB14 /* ProfileSection.swift */,
			);
			path = Models;
			sourceTree = "<group>";
		};
		461EA3B9295A17AD00BBFB14 /* Photos */ = {
			isa = PBXGroup;
			children = (
				461EA3B7295A17A000BBFB14 /* ProfilePhotosViewContoller.swift */,
			);
			path = Photos;
			sourceTree = "<group>";
		};
		461EA3BA295A17BE00BBFB14 /* List */ = {
			isa = PBXGroup;
			children = (
				4626EA7D294A079E006C55D9 /* ProfileViewController.swift */,
			);
			path = List;
			sourceTree = "<group>";
		};
		461EA3BB295A181100BBFB14 /* List */ = {
			isa = PBXGroup;
			children = (
				467C77102948CC02008FAC55 /* HomeViewController.swift */,
			);
			path = List;
			sourceTree = "<group>";
		};
		461EA3BC295A181E00BBFB14 /* ViewModels */ = {
			isa = PBXGroup;
			children = (
				4647A74729522D4300C32B3D /* HomeViewModel.swift */,
			);
			path = ViewModels;
			sourceTree = "<group>";
		};
		461EA3BD295A196500BBFB14 /* Layouts */ = {
			isa = PBXGroup;
			children = (
				461EA3B32956F86100BBFB14 /* ProfileCompositionalLayout.swift */,
			);
			path = Layouts;
			sourceTree = "<group>";
		};
		461EA3BE295A28D300BBFB14 /* Settings */ = {
			isa = PBXGroup;
			children = (
				461EA3BF295A290900BBFB14 /* ProfileSettingsViewController.swift */,
			);
			path = Settings;
			sourceTree = "<group>";
		};
		461EA3C2295A456900BBFB14 /* Base */ = {
			isa = PBXGroup;
			children = (
				4647A7302951DDFC00C32B3D /* AuthViewController.swift */,
			);
			path = Base;
			sourceTree = "<group>";
		};
		461EA3C4295A459D00BBFB14 /* Coordinators */ = {
			isa = PBXGroup;
			children = (
				4647A72B2951DCB100C32B3D /* AppCoordinator.swift */,
				4647A73C2951DF6200C32B3D /* AuthCoordinator.swift */,
				46F6C629295F2D550015AABA /* FavoritesCoordinator.swift */,
				4647A73E2951E4BB00C32B3D /* HomeCoordinator.swift */,
				4686645F29546FD9000E321E /* ProfileCoordinator.swift */,
				4647A72D2951DD8100C32B3D /* TabCoordinator.swift */,
			);
			path = Coordinators;
			sourceTree = "<group>";
		};
		461EA3CA295AE98B00BBFB14 /* PhotoDetails */ = {
			isa = PBXGroup;
			children = (
				461EA3CB295AE9B700BBFB14 /* ProfilePhotosDetailViewController.swift */,
			);
			path = PhotoDetails;
			sourceTree = "<group>";
		};
		461EA3CF295AF0B500BBFB14 /* PostDetails */ = {
			isa = PBXGroup;
			children = (
				461EA3D0295AF0F900BBFB14 /* ProfilePostDetailViewController.swift */,
			);
			path = PostDetails;
			sourceTree = "<group>";
		};
		461EA3DB295B6CC400BBFB14 /* ViewModels */ = {
			isa = PBXGroup;
			children = (
				461EA3DC295B6D0600BBFB14 /* ConfirmLoginViewModel.swift */,
				461EA3DE295B6F5400BBFB14 /* ConfirmRegisterViewModel.swift */,
			);
			path = ViewModels;
			sourceTree = "<group>";
		};
		4626EA722949DDB5006C55D9 /* Home */ = {
			isa = PBXGroup;
			children = (
				467C771A2948D776008FAC55 /* Cells */,
				4647A7652953303700C32B3D /* Scenes */,
				461EA3BC295A181E00BBFB14 /* ViewModels */,
			);
			path = Home;
			sourceTree = "<group>";
		};
		4626EA7C294A077F006C55D9 /* Profile */ = {
			isa = PBXGroup;
			children = (
				46866463295473FF000E321E /* Cells */,
				461EA3BD295A196500BBFB14 /* Layouts */,
				461EA3AC2956E32E00BBFB14 /* Models */,
				4647A7682953314100C32B3D /* Scenes */,
				461EA3A02956E1F600BBFB14 /* ViewModels */,
			);
			path = Profile;
			sourceTree = "<group>";
		};
		4647A72F2951DDB600C32B3D /* Auth */ = {
			isa = PBXGroup;
			children = (
				4647A7642953301600C32B3D /* Scenes */,
				461EA3DB295B6CC400BBFB14 /* ViewModels */,
			);
			path = Auth;
			sourceTree = "<group>";
		};
		4647A7322951DE3A00C32B3D /* Login */ = {
			isa = PBXGroup;
			children = (
				4647A7332951DE4800C32B3D /* LoginViewController.swift */,
				4647A7352951DE9A00C32B3D /* ConfirmLoginViewController.swift */,
			);
			path = Login;
			sourceTree = "<group>";
		};
		4647A7372951DEBB00C32B3D /* Register */ = {
			isa = PBXGroup;
			children = (
				4647A7382951DED500C32B3D /* RegisterViewController.swift */,
				4647A73A2951DEFE00C32B3D /* ConfirmRegisterViewController.swift */,
			);
			path = Register;
			sourceTree = "<group>";
		};
		4647A7412951E72F00C32B3D /* PresentationLayer */ = {
			isa = PBXGroup;
			children = (
				467C770D2948CB92008FAC55 /* Extensions */,
				46F6C61F295F2BBB0015AABA /* Modules */,
			);
			path = PresentationLayer;
			sourceTree = "<group>";
		};
		4647A7422951E91300C32B3D /* Resources */ = {
			isa = PBXGroup;
			children = (
				467C76D92948C378008FAC55 /* Assets.xcassets */,
				467C77022948C427008FAC55 /* CustomColor.swift */,
				467C76DB2948C378008FAC55 /* LaunchScreen.storyboard */,
			);
			path = Resources;
			sourceTree = "<group>";
		};
		4647A76329532E1A00C32B3D /* Utilities */ = {
			isa = PBXGroup;
			children = (
				4626EA762949EB3A006C55D9 /* CircularImageView.swift */,
				4686645B29546A50000E321E /* CustomError.swift */,
				467C77042948C510008FAC55 /* PhoneNumberFofmatter.swift */,
				468664502953AF9F000E321E /* Typealiases.swift */,
				4686645D29546B14000E321E /* State.swift */,
			);
			path = Utilities;
			sourceTree = "<group>";
		};
		4647A7642953301600C32B3D /* Scenes */ = {
			isa = PBXGroup;
			children = (
				461EA3C2295A456900BBFB14 /* Base */,
				4647A7322951DE3A00C32B3D /* Login */,
				4647A7372951DEBB00C32B3D /* Register */,
			);
			path = Scenes;
			sourceTree = "<group>";
		};
		4647A7652953303700C32B3D /* Scenes */ = {
			isa = PBXGroup;
			children = (
				4647A766295330BC00C32B3D /* Details */,
				461EA3BB295A181100BBFB14 /* List */,
			);
			path = Scenes;
			sourceTree = "<group>";
		};
		4647A766295330BC00C32B3D /* Details */ = {
			isa = PBXGroup;
			children = (
				468664572953B254000E321E /* HomePostDetailViewController.swift */,
			);
			path = Details;
			sourceTree = "<group>";
		};
		4647A7682953314100C32B3D /* Scenes */ = {
			isa = PBXGroup;
			children = (
				461EA3BA295A17BE00BBFB14 /* List */,
				461EA3B9295A17AD00BBFB14 /* Photos */,
				461EA3CA295AE98B00BBFB14 /* PhotoDetails */,
				461EA3CF295AF0B500BBFB14 /* PostDetails */,
				461EA3BE295A28D300BBFB14 /* Settings */,
			);
			path = Scenes;
			sourceTree = "<group>";
		};
		467C76C42948C376008FAC55 = {
			isa = PBXGroup;
			children = (
				467C76CF2948C376008FAC55 /* Vnavigate */,
				467C76E62948C378008FAC55 /* VnavigateTests */,
				467C76F02948C378008FAC55 /* VnavigateUITests */,
				467C76CE2948C376008FAC55 /* Products */,
			);
			sourceTree = "<group>";
		};
		467C76CE2948C376008FAC55 /* Products */ = {
			isa = PBXGroup;
			children = (
				467C76CD2948C376008FAC55 /* Vnavigate.app */,
				467C76E32948C378008FAC55 /* VnavigateTests.xctest */,
				467C76ED2948C378008FAC55 /* VnavigateUITests.xctest */,
			);
			name = Products;
			sourceTree = "<group>";
		};
		467C76CF2948C376008FAC55 /* Vnavigate */ = {
			isa = PBXGroup;
			children = (
				467C77002948C3EE008FAC55 /* Application */,
				467C77152948CF40008FAC55 /* DataModels */,
				461EA3C4295A459D00BBFB14 /* Coordinators */,
				4647A7412951E72F00C32B3D /* PresentationLayer */,
				4647A7422951E91300C32B3D /* Resources */,
				468664522953B05E000E321E /* Services */,
				4647A76329532E1A00C32B3D /* Utilities */,
				467C76DE2948C378008FAC55 /* Info.plist */,
				461EA3E0295B70D200BBFB14 /* GoogleService-Info.plist */,
			);
			path = Vnavigate;
			sourceTree = "<group>";
		};
		467C76E62948C378008FAC55 /* VnavigateTests */ = {
			isa = PBXGroup;
			children = (
				467C76E72948C378008FAC55 /* VnavigateTests.swift */,
			);
			path = VnavigateTests;
			sourceTree = "<group>";
		};
		467C76F02948C378008FAC55 /* VnavigateUITests */ = {
			isa = PBXGroup;
			children = (
				467C76F12948C378008FAC55 /* VnavigateUITests.swift */,
				467C76F32948C378008FAC55 /* VnavigateUITestsLaunchTests.swift */,
			);
			path = VnavigateUITests;
			sourceTree = "<group>";
		};
		467C77002948C3EE008FAC55 /* Application */ = {
			isa = PBXGroup;
			children = (
				467C76D02948C376008FAC55 /* AppDelegate.swift */,
				467C76D22948C376008FAC55 /* SceneDelegate.swift */,
			);
			path = Application;
			sourceTree = "<group>";
		};
		467C770D2948CB92008FAC55 /* Extensions */ = {
			isa = PBXGroup;
			children = (
				4626EA782949FB96006C55D9 /* String+Extension.swift */,
				4647A7442952232900C32B3D /* UIView+Extension.swift */,
				468664592953B386000E321E /* UIAlertController+Extension.swift */,
				461EA3B12956EB5800BBFB14 /* UICollectionView+Extension.swift */,
			);
			path = Extensions;
			sourceTree = "<group>";
		};
		467C77152948CF40008FAC55 /* DataModels */ = {
			isa = PBXGroup;
			children = (
				467C77182948D005008FAC55 /* MockModel.swift */,
				467C77162948CFCA008FAC55 /* home.json */,
				461EA3B52959CCBD00BBFB14 /* profile.json */,
				46F6C639295F50F50015AABA /* favorites.json */,
			);
			path = DataModels;
			sourceTree = "<group>";
		};
		467C771A2948D776008FAC55 /* Cells */ = {
			isa = PBXGroup;
			children = (
				467C771B2948D798008FAC55 /* FriendCell.swift */,
				467C771D2948DB30008FAC55 /* PostCell.swift */,
			);
			path = Cells;
			sourceTree = "<group>";
		};
		468664522953B05E000E321E /* Services */ = {
			isa = PBXGroup;
			children = (
				461EA3D9295B454000BBFB14 /* AuthService.swift */,
				468664532953B070000E321E /* FetchService.swift */,
				468664552953B148000E321E /* LayoutManager.swift */,
			);
			path = Services;
			sourceTree = "<group>";
		};
		46866463295473FF000E321E /* Cells */ = {
			isa = PBXGroup;
			children = (
				468664642954743F000E321E /* ProfileInfoCell.swift */,
				461EA3A32956E26A00BBFB14 /* ProfilePhotoCell.swift */,
				461EA3A72956E28F00BBFB14 /* ProfilePostCell.swift */,
			);
			path = Cells;
			sourceTree = "<group>";
		};
		46F6C61F295F2BBB0015AABA /* Modules */ = {
			isa = PBXGroup;
			children = (
				4647A72F2951DDB600C32B3D /* Auth */,
				46F6C620295F2C680015AABA /* Favorites */,
				4626EA722949DDB5006C55D9 /* Home */,
				4626EA7C294A077F006C55D9 /* Profile */,
			);
			path = Modules;
			sourceTree = "<group>";
		};
		46F6C620295F2C680015AABA /* Favorites */ = {
			isa = PBXGroup;
			children = (
				46F6C634295F34290015AABA /* Layouts */,
				46F6C621295F2C870015AABA /* Cells */,
				46F6C631295F30FD0015AABA /* Models */,
				46F6C622295F2CA00015AABA /* ViewModels */,
				46F6C628295F2D200015AABA /* Scenes */,
			);
			path = Favorites;
			sourceTree = "<group>";
		};
		46F6C621295F2C870015AABA /* Cells */ = {
			isa = PBXGroup;
			children = (
				46F6C637295F363E0015AABA /* FavoritesCell.swift */,
			);
			path = Cells;
			sourceTree = "<group>";
		};
		46F6C622295F2CA00015AABA /* ViewModels */ = {
			isa = PBXGroup;
			children = (
				46F6C62B295F2E2B0015AABA /* FavoritesDetailsViewModel.swift */,
				46F6C62D295F2E680015AABA /* FavoritesViewModel.swift */,
			);
			path = ViewModels;
			sourceTree = "<group>";
		};
		46F6C628295F2D200015AABA /* Scenes */ = {
			isa = PBXGroup;
			children = (
				46F6C630295F30890015AABA /* Details */,
				46F6C62F295F30800015AABA /* List */,
			);
			path = Scenes;
			sourceTree = "<group>";
		};
		46F6C62F295F30800015AABA /* List */ = {
			isa = PBXGroup;
			children = (
				46F6C624295F2CE20015AABA /* FavoritesViewController.swift */,
			);
			path = List;
			sourceTree = "<group>";
		};
		46F6C630295F30890015AABA /* Details */ = {
			isa = PBXGroup;
			children = (
				46F6C626295F2D1B0015AABA /* FavoritesDetailsViewController.swift */,
			);
			path = Details;
			sourceTree = "<group>";
		};
		46F6C631295F30FD0015AABA /* Models */ = {
			isa = PBXGroup;
			children = (
				46F6C632295F315D0015AABA /* FavoritesSection.swift */,
			);
			path = Models;
			sourceTree = "<group>";
		};
		46F6C634295F34290015AABA /* Layouts */ = {
			isa = PBXGroup;
			children = (
				46F6C635295F345B0015AABA /* FavoritesCompositionLayout.swift */,
			);
			path = Layouts;
			sourceTree = "<group>";
		};
/* End PBXGroup section */

/* Begin PBXNativeTarget section */
		467C76CC2948C376008FAC55 /* Vnavigate */ = {
			isa = PBXNativeTarget;
			buildConfigurationList = 467C76F72948C378008FAC55 /* Build configuration list for PBXNativeTarget "Vnavigate" */;
			buildPhases = (
				467C76C92948C376008FAC55 /* Sources */,
				467C76CA2948C376008FAC55 /* Frameworks */,
				467C76CB2948C376008FAC55 /* Resources */,
			);
			buildRules = (
			);
			dependencies = (
			);
			name = Vnavigate;
			packageProductDependencies = (
				461EA3D7295B074300BBFB14 /* FirebaseAuth */,
			);
			productName = Vnavigate;
			productReference = 467C76CD2948C376008FAC55 /* Vnavigate.app */;
			productType = "com.apple.product-type.application";
		};
		467C76E22948C378008FAC55 /* VnavigateTests */ = {
			isa = PBXNativeTarget;
			buildConfigurationList = 467C76FA2948C378008FAC55 /* Build configuration list for PBXNativeTarget "VnavigateTests" */;
			buildPhases = (
				467C76DF2948C378008FAC55 /* Sources */,
				467C76E02948C378008FAC55 /* Frameworks */,
				467C76E12948C378008FAC55 /* Resources */,
			);
			buildRules = (
			);
			dependencies = (
				467C76E52948C378008FAC55 /* PBXTargetDependency */,
			);
			name = VnavigateTests;
			productName = VnavigateTests;
			productReference = 467C76E32948C378008FAC55 /* VnavigateTests.xctest */;
			productType = "com.apple.product-type.bundle.unit-test";
		};
		467C76EC2948C378008FAC55 /* VnavigateUITests */ = {
			isa = PBXNativeTarget;
			buildConfigurationList = 467C76FD2948C378008FAC55 /* Build configuration list for PBXNativeTarget "VnavigateUITests" */;
			buildPhases = (
				467C76E92948C378008FAC55 /* Sources */,
				467C76EA2948C378008FAC55 /* Frameworks */,
				467C76EB2948C378008FAC55 /* Resources */,
			);
			buildRules = (
			);
			dependencies = (
				467C76EF2948C378008FAC55 /* PBXTargetDependency */,
			);
			name = VnavigateUITests;
			productName = VnavigateUITests;
			productReference = 467C76ED2948C378008FAC55 /* VnavigateUITests.xctest */;
			productType = "com.apple.product-type.bundle.ui-testing";
		};
/* End PBXNativeTarget section */

/* Begin PBXProject section */
		467C76C52948C376008FAC55 /* Project object */ = {
			isa = PBXProject;
			attributes = {
				BuildIndependentTargetsInParallel = 1;
				LastSwiftUpdateCheck = 1410;
				LastUpgradeCheck = 1410;
				TargetAttributes = {
					467C76CC2948C376008FAC55 = {
						CreatedOnToolsVersion = 14.1;
					};
					467C76E22948C378008FAC55 = {
						CreatedOnToolsVersion = 14.1;
						TestTargetID = 467C76CC2948C376008FAC55;
					};
					467C76EC2948C378008FAC55 = {
						CreatedOnToolsVersion = 14.1;
						TestTargetID = 467C76CC2948C376008FAC55;
					};
				};
			};
			buildConfigurationList = 467C76C82948C376008FAC55 /* Build configuration list for PBXProject "Vnavigate" */;
			compatibilityVersion = "Xcode 14.0";
			developmentRegion = en;
			hasScannedForEncodings = 0;
			knownRegions = (
				en,
				Base,
			);
			mainGroup = 467C76C42948C376008FAC55;
			packageReferences = (
				461EA3D6295B074300BBFB14 /* XCRemoteSwiftPackageReference "firebase-ios-sdk" */,
			);
			productRefGroup = 467C76CE2948C376008FAC55 /* Products */;
			projectDirPath = "";
			projectRoot = "";
			targets = (
				467C76CC2948C376008FAC55 /* Vnavigate */,
				467C76E22948C378008FAC55 /* VnavigateTests */,
				467C76EC2948C378008FAC55 /* VnavigateUITests */,
			);
		};
/* End PBXProject section */

/* Begin PBXResourcesBuildPhase section */
		467C76CB2948C376008FAC55 /* Resources */ = {
			isa = PBXResourcesBuildPhase;
			buildActionMask = 2147483647;
			files = (
				467C76DD2948C378008FAC55 /* LaunchScreen.storyboard in Resources */,
				46F6C63A295F50F50015AABA /* favorites.json in Resources */,
				461EA3B62959CCBD00BBFB14 /* profile.json in Resources */,
				461EA3E1295B70D200BBFB14 /* GoogleService-Info.plist in Resources */,
				467C77172948CFCA008FAC55 /* home.json in Resources */,
				467C76DA2948C378008FAC55 /* Assets.xcassets in Resources */,
			);
			runOnlyForDeploymentPostprocessing = 0;
		};
		467C76E12948C378008FAC55 /* Resources */ = {
			isa = PBXResourcesBuildPhase;
			buildActionMask = 2147483647;
			files = (
			);
			runOnlyForDeploymentPostprocessing = 0;
		};
		467C76EB2948C378008FAC55 /* Resources */ = {
			isa = PBXResourcesBuildPhase;
			buildActionMask = 2147483647;
			files = (
			);
			runOnlyForDeploymentPostprocessing = 0;
		};
/* End PBXResourcesBuildPhase section */

/* Begin PBXSourcesBuildPhase section */
		467C76C92948C376008FAC55 /* Sources */ = {
			isa = PBXSourcesBuildPhase;
			buildActionMask = 2147483647;
			files = (
				46F6C636295F345B0015AABA /* FavoritesCompositionLayout.swift in Sources */,
				461EA3DF295B6F5400BBFB14 /* ConfirmRegisterViewModel.swift in Sources */,
				461EA3AA2956E2A000BBFB14 /* ProfilePostCellViewModel.swift in Sources */,
				461EA3A22956E24C00BBFB14 /* ProfileInfoCellViewModel.swift in Sources */,
				468664582953B255000E321E /* HomePostDetailViewController.swift in Sources */,
				4647A7452952232900C32B3D /* UIView+Extension.swift in Sources */,
				468664512953AF9F000E321E /* Typealiases.swift in Sources */,
				461EA3C7295AD46700BBFB14 /* ProfilePhotosViewModel.swift in Sources */,
				461EA3A42956E26A00BBFB14 /* ProfilePhotoCell.swift in Sources */,
				461EA3B22956EB5800BBFB14 /* UICollectionView+Extension.swift in Sources */,
				467C77052948C510008FAC55 /* PhoneNumberFofmatter.swift in Sources */,
				461EA3D1295AF0F900BBFB14 /* ProfilePostDetailViewController.swift in Sources */,
				46F6C627295F2D1B0015AABA /* FavoritesDetailsViewController.swift in Sources */,
				467C77112948CC02008FAC55 /* HomeViewController.swift in Sources */,
				461EA3CE295AEDEA00BBFB14 /* ProfilePhotosDetailViewModel.swift in Sources */,
				467C76D12948C376008FAC55 /* AppDelegate.swift in Sources */,
				468664542953B070000E321E /* FetchService.swift in Sources */,
				4647A73D2951DF6200C32B3D /* AuthCoordinator.swift in Sources */,
				461EA3DA295B454000BBFB14 /* AuthService.swift in Sources */,
				4686645A2953B386000E321E /* UIAlertController+Extension.swift in Sources */,
				4647A73B2951DEFE00C32B3D /* ConfirmRegisterViewController.swift in Sources */,
				461EA3B02956E76F00BBFB14 /* ProfileSection.swift in Sources */,
				4647A7392951DED500C32B3D /* RegisterViewController.swift in Sources */,
				4647A7312951DDFC00C32B3D /* AuthViewController.swift in Sources */,
				461EA3B8295A17A000BBFB14 /* ProfilePhotosViewContoller.swift in Sources */,
				468664622954703C000E321E /* ProfileViewModel.swift in Sources */,
				468664652954743F000E321E /* ProfileInfoCell.swift in Sources */,
				46F6C625295F2CE20015AABA /* FavoritesViewController.swift in Sources */,
				467C771C2948D798008FAC55 /* FriendCell.swift in Sources */,
				461EA3CC295AE9B700BBFB14 /* ProfilePhotosDetailViewController.swift in Sources */,
				4626EA772949EB3A006C55D9 /* CircularImageView.swift in Sources */,
				4647A72C2951DCB100C32B3D /* AppCoordinator.swift in Sources */,
				461EA3A82956E28F00BBFB14 /* ProfilePostCell.swift in Sources */,
				467C77032948C427008FAC55 /* CustomColor.swift in Sources */,
				467C77192948D005008FAC55 /* MockModel.swift in Sources */,
				46F6C638295F363E0015AABA /* FavoritesCell.swift in Sources */,
				461EA3DD295B6D0600BBFB14 /* ConfirmLoginViewModel.swift in Sources */,
				4626EA792949FB96006C55D9 /* String+Extension.swift in Sources */,
				4647A72E2951DD8100C32B3D /* TabCoordinator.swift in Sources */,
				46F6C62C295F2E2B0015AABA /* FavoritesDetailsViewModel.swift in Sources */,
				467C76D32948C376008FAC55 /* SceneDelegate.swift in Sources */,
				4647A7342951DE4800C32B3D /* LoginViewController.swift in Sources */,
				46F6C62A295F2D550015AABA /* FavoritesCoordinator.swift in Sources */,
				4686645C29546A50000E321E /* CustomError.swift in Sources */,
				461EA3C0295A290900BBFB14 /* ProfileSettingsViewController.swift in Sources */,
				4647A7362951DE9A00C32B3D /* ConfirmLoginViewController.swift in Sources */,
				4647A74829522D4300C32B3D /* HomeViewModel.swift in Sources */,
				46F6C62E295F2E680015AABA /* FavoritesViewModel.swift in Sources */,
				4626EA7E294A079E006C55D9 /* ProfileViewController.swift in Sources */,
				467C771E2948DB30008FAC55 /* PostCell.swift in Sources */,
				4647A73F2951E4BB00C32B3D /* HomeCoordinator.swift in Sources */,
				46F6C633295F315D0015AABA /* FavoritesSection.swift in Sources */,
				468664562953B148000E321E /* LayoutManager.swift in Sources */,
				4686646029546FD9000E321E /* ProfileCoordinator.swift in Sources */,
				4686645E29546B14000E321E /* State.swift in Sources */,
				461EA3B42956F86100BBFB14 /* ProfileCompositionalLayout.swift in Sources */,
				461EA3A62956E27A00BBFB14 /* ProfilePhotoCellViewModel.swift in Sources */,
				461EA3D3295AF1A000BBFB14 /* ProfilePostDetailViewModel.swift in Sources */,
			);
			runOnlyForDeploymentPostprocessing = 0;
		};
		467C76DF2948C378008FAC55 /* Sources */ = {
			isa = PBXSourcesBuildPhase;
			buildActionMask = 2147483647;
			files = (
				467C76E82948C378008FAC55 /* VnavigateTests.swift in Sources */,
			);
			runOnlyForDeploymentPostprocessing = 0;
		};
		467C76E92948C378008FAC55 /* Sources */ = {
			isa = PBXSourcesBuildPhase;
			buildActionMask = 2147483647;
			files = (
				467C76F42948C378008FAC55 /* VnavigateUITestsLaunchTests.swift in Sources */,
				467C76F22948C378008FAC55 /* VnavigateUITests.swift in Sources */,
			);
			runOnlyForDeploymentPostprocessing = 0;
		};
/* End PBXSourcesBuildPhase section */

/* Begin PBXTargetDependency section */
		467C76E52948C378008FAC55 /* PBXTargetDependency */ = {
			isa = PBXTargetDependency;
			target = 467C76CC2948C376008FAC55 /* Vnavigate */;
			targetProxy = 467C76E42948C378008FAC55 /* PBXContainerItemProxy */;
		};
		467C76EF2948C378008FAC55 /* PBXTargetDependency */ = {
			isa = PBXTargetDependency;
			target = 467C76CC2948C376008FAC55 /* Vnavigate */;
			targetProxy = 467C76EE2948C378008FAC55 /* PBXContainerItemProxy */;
		};
/* End PBXTargetDependency section */

/* Begin PBXVariantGroup section */
		467C76DB2948C378008FAC55 /* LaunchScreen.storyboard */ = {
			isa = PBXVariantGroup;
			children = (
				467C76DC2948C378008FAC55 /* Base */,
			);
			name = LaunchScreen.storyboard;
			sourceTree = "<group>";
		};
/* End PBXVariantGroup section */

/* Begin XCBuildConfiguration section */
		467C76F52948C378008FAC55 /* Debug */ = {
			isa = XCBuildConfiguration;
			buildSettings = {
				ALWAYS_SEARCH_USER_PATHS = NO;
				CLANG_ANALYZER_NONNULL = YES;
				CLANG_ANALYZER_NUMBER_OBJECT_CONVERSION = YES_AGGRESSIVE;
				CLANG_CXX_LANGUAGE_STANDARD = "gnu++20";
				CLANG_ENABLE_MODULES = YES;
				CLANG_ENABLE_OBJC_ARC = YES;
				CLANG_ENABLE_OBJC_WEAK = YES;
				CLANG_WARN_BLOCK_CAPTURE_AUTORELEASING = YES;
				CLANG_WARN_BOOL_CONVERSION = YES;
				CLANG_WARN_COMMA = YES;
				CLANG_WARN_CONSTANT_CONVERSION = YES;
				CLANG_WARN_DEPRECATED_OBJC_IMPLEMENTATIONS = YES;
				CLANG_WARN_DIRECT_OBJC_ISA_USAGE = YES_ERROR;
				CLANG_WARN_DOCUMENTATION_COMMENTS = YES;
				CLANG_WARN_EMPTY_BODY = YES;
				CLANG_WARN_ENUM_CONVERSION = YES;
				CLANG_WARN_INFINITE_RECURSION = YES;
				CLANG_WARN_INT_CONVERSION = YES;
				CLANG_WARN_NON_LITERAL_NULL_CONVERSION = YES;
				CLANG_WARN_OBJC_IMPLICIT_RETAIN_SELF = YES;
				CLANG_WARN_OBJC_LITERAL_CONVERSION = YES;
				CLANG_WARN_OBJC_ROOT_CLASS = YES_ERROR;
				CLANG_WARN_QUOTED_INCLUDE_IN_FRAMEWORK_HEADER = YES;
				CLANG_WARN_RANGE_LOOP_ANALYSIS = YES;
				CLANG_WARN_STRICT_PROTOTYPES = YES;
				CLANG_WARN_SUSPICIOUS_MOVE = YES;
				CLANG_WARN_UNGUARDED_AVAILABILITY = YES_AGGRESSIVE;
				CLANG_WARN_UNREACHABLE_CODE = YES;
				CLANG_WARN__DUPLICATE_METHOD_MATCH = YES;
				COPY_PHASE_STRIP = NO;
				DEBUG_INFORMATION_FORMAT = dwarf;
				ENABLE_STRICT_OBJC_MSGSEND = YES;
				ENABLE_TESTABILITY = YES;
				GCC_C_LANGUAGE_STANDARD = gnu11;
				GCC_DYNAMIC_NO_PIC = NO;
				GCC_NO_COMMON_BLOCKS = YES;
				GCC_OPTIMIZATION_LEVEL = 0;
				GCC_PREPROCESSOR_DEFINITIONS = (
					"DEBUG=1",
					"$(inherited)",
				);
				GCC_WARN_64_TO_32_BIT_CONVERSION = YES;
				GCC_WARN_ABOUT_RETURN_TYPE = YES_ERROR;
				GCC_WARN_UNDECLARED_SELECTOR = YES;
				GCC_WARN_UNINITIALIZED_AUTOS = YES_AGGRESSIVE;
				GCC_WARN_UNUSED_FUNCTION = YES;
				GCC_WARN_UNUSED_VARIABLE = YES;
				IPHONEOS_DEPLOYMENT_TARGET = 16.1;
				MTL_ENABLE_DEBUG_INFO = INCLUDE_SOURCE;
				MTL_FAST_MATH = YES;
				ONLY_ACTIVE_ARCH = YES;
				SDKROOT = iphoneos;
				SWIFT_ACTIVE_COMPILATION_CONDITIONS = DEBUG;
				SWIFT_OPTIMIZATION_LEVEL = "-Onone";
			};
			name = Debug;
		};
		467C76F62948C378008FAC55 /* Release */ = {
			isa = XCBuildConfiguration;
			buildSettings = {
				ALWAYS_SEARCH_USER_PATHS = NO;
				CLANG_ANALYZER_NONNULL = YES;
				CLANG_ANALYZER_NUMBER_OBJECT_CONVERSION = YES_AGGRESSIVE;
				CLANG_CXX_LANGUAGE_STANDARD = "gnu++20";
				CLANG_ENABLE_MODULES = YES;
				CLANG_ENABLE_OBJC_ARC = YES;
				CLANG_ENABLE_OBJC_WEAK = YES;
				CLANG_WARN_BLOCK_CAPTURE_AUTORELEASING = YES;
				CLANG_WARN_BOOL_CONVERSION = YES;
				CLANG_WARN_COMMA = YES;
				CLANG_WARN_CONSTANT_CONVERSION = YES;
				CLANG_WARN_DEPRECATED_OBJC_IMPLEMENTATIONS = YES;
				CLANG_WARN_DIRECT_OBJC_ISA_USAGE = YES_ERROR;
				CLANG_WARN_DOCUMENTATION_COMMENTS = YES;
				CLANG_WARN_EMPTY_BODY = YES;
				CLANG_WARN_ENUM_CONVERSION = YES;
				CLANG_WARN_INFINITE_RECURSION = YES;
				CLANG_WARN_INT_CONVERSION = YES;
				CLANG_WARN_NON_LITERAL_NULL_CONVERSION = YES;
				CLANG_WARN_OBJC_IMPLICIT_RETAIN_SELF = YES;
				CLANG_WARN_OBJC_LITERAL_CONVERSION = YES;
				CLANG_WARN_OBJC_ROOT_CLASS = YES_ERROR;
				CLANG_WARN_QUOTED_INCLUDE_IN_FRAMEWORK_HEADER = YES;
				CLANG_WARN_RANGE_LOOP_ANALYSIS = YES;
				CLANG_WARN_STRICT_PROTOTYPES = YES;
				CLANG_WARN_SUSPICIOUS_MOVE = YES;
				CLANG_WARN_UNGUARDED_AVAILABILITY = YES_AGGRESSIVE;
				CLANG_WARN_UNREACHABLE_CODE = YES;
				CLANG_WARN__DUPLICATE_METHOD_MATCH = YES;
				COPY_PHASE_STRIP = NO;
				DEBUG_INFORMATION_FORMAT = "dwarf-with-dsym";
				ENABLE_NS_ASSERTIONS = NO;
				ENABLE_STRICT_OBJC_MSGSEND = YES;
				GCC_C_LANGUAGE_STANDARD = gnu11;
				GCC_NO_COMMON_BLOCKS = YES;
				GCC_WARN_64_TO_32_BIT_CONVERSION = YES;
				GCC_WARN_ABOUT_RETURN_TYPE = YES_ERROR;
				GCC_WARN_UNDECLARED_SELECTOR = YES;
				GCC_WARN_UNINITIALIZED_AUTOS = YES_AGGRESSIVE;
				GCC_WARN_UNUSED_FUNCTION = YES;
				GCC_WARN_UNUSED_VARIABLE = YES;
				IPHONEOS_DEPLOYMENT_TARGET = 16.1;
				MTL_ENABLE_DEBUG_INFO = NO;
				MTL_FAST_MATH = YES;
				SDKROOT = iphoneos;
				SWIFT_COMPILATION_MODE = wholemodule;
				SWIFT_OPTIMIZATION_LEVEL = "-O";
				VALIDATE_PRODUCT = YES;
			};
			name = Release;
		};
		467C76F82948C378008FAC55 /* Debug */ = {
			isa = XCBuildConfiguration;
			buildSettings = {
				ASSETCATALOG_COMPILER_APPICON_NAME = AppIcon;
				ASSETCATALOG_COMPILER_GLOBAL_ACCENT_COLOR_NAME = AccentColor;
				CODE_SIGN_STYLE = Automatic;
				CURRENT_PROJECT_VERSION = 1;
				GENERATE_INFOPLIST_FILE = YES;
				INFOPLIST_FILE = Vnavigate/Info.plist;
				INFOPLIST_KEY_UIApplicationSupportsIndirectInputEvents = YES;
				INFOPLIST_KEY_UILaunchStoryboardName = LaunchScreen;
				INFOPLIST_KEY_UISupportedInterfaceOrientations_iPad = "UIInterfaceOrientationPortrait UIInterfaceOrientationPortraitUpsideDown UIInterfaceOrientationLandscapeLeft UIInterfaceOrientationLandscapeRight";
				INFOPLIST_KEY_UISupportedInterfaceOrientations_iPhone = "UIInterfaceOrientationPortrait UIInterfaceOrientationLandscapeLeft UIInterfaceOrientationLandscapeRight";
				LD_RUNPATH_SEARCH_PATHS = (
					"$(inherited)",
					"@executable_path/Frameworks",
				);
				MARKETING_VERSION = 1.0;
				PRODUCT_BUNDLE_IDENTIFIER = ru.dmtri.Vnavigate;
				PRODUCT_NAME = "$(TARGET_NAME)";
				SWIFT_EMIT_LOC_STRINGS = YES;
				SWIFT_VERSION = 5.0;
				TARGETED_DEVICE_FAMILY = "1,2";
			};
			name = Debug;
		};
		467C76F92948C378008FAC55 /* Release */ = {
			isa = XCBuildConfiguration;
			buildSettings = {
				ASSETCATALOG_COMPILER_APPICON_NAME = AppIcon;
				ASSETCATALOG_COMPILER_GLOBAL_ACCENT_COLOR_NAME = AccentColor;
				CODE_SIGN_STYLE = Automatic;
				CURRENT_PROJECT_VERSION = 1;
				GENERATE_INFOPLIST_FILE = YES;
				INFOPLIST_FILE = Vnavigate/Info.plist;
				INFOPLIST_KEY_UIApplicationSupportsIndirectInputEvents = YES;
				INFOPLIST_KEY_UILaunchStoryboardName = LaunchScreen;
				INFOPLIST_KEY_UISupportedInterfaceOrientations_iPad = "UIInterfaceOrientationPortrait UIInterfaceOrientationPortraitUpsideDown UIInterfaceOrientationLandscapeLeft UIInterfaceOrientationLandscapeRight";
				INFOPLIST_KEY_UISupportedInterfaceOrientations_iPhone = "UIInterfaceOrientationPortrait UIInterfaceOrientationLandscapeLeft UIInterfaceOrientationLandscapeRight";
				LD_RUNPATH_SEARCH_PATHS = (
					"$(inherited)",
					"@executable_path/Frameworks",
				);
				MARKETING_VERSION = 1.0;
				PRODUCT_BUNDLE_IDENTIFIER = ru.dmtri.Vnavigate;
				PRODUCT_NAME = "$(TARGET_NAME)";
				SWIFT_EMIT_LOC_STRINGS = YES;
				SWIFT_VERSION = 5.0;
				TARGETED_DEVICE_FAMILY = "1,2";
			};
			name = Release;
		};
		467C76FB2948C378008FAC55 /* Debug */ = {
			isa = XCBuildConfiguration;
			buildSettings = {
				ALWAYS_EMBED_SWIFT_STANDARD_LIBRARIES = YES;
				BUNDLE_LOADER = "$(TEST_HOST)";
				CODE_SIGN_STYLE = Automatic;
				CURRENT_PROJECT_VERSION = 1;
				GENERATE_INFOPLIST_FILE = YES;
				IPHONEOS_DEPLOYMENT_TARGET = 16.1;
				MARKETING_VERSION = 1.0;
				PRODUCT_BUNDLE_IDENTIFIER = ru.dmtri.VnavigateTests;
				PRODUCT_NAME = "$(TARGET_NAME)";
				SWIFT_EMIT_LOC_STRINGS = NO;
				SWIFT_VERSION = 5.0;
				TARGETED_DEVICE_FAMILY = "1,2";
				TEST_HOST = "$(BUILT_PRODUCTS_DIR)/Vnavigate.app/$(BUNDLE_EXECUTABLE_FOLDER_PATH)/Vnavigate";
			};
			name = Debug;
		};
		467C76FC2948C378008FAC55 /* Release */ = {
			isa = XCBuildConfiguration;
			buildSettings = {
				ALWAYS_EMBED_SWIFT_STANDARD_LIBRARIES = YES;
				BUNDLE_LOADER = "$(TEST_HOST)";
				CODE_SIGN_STYLE = Automatic;
				CURRENT_PROJECT_VERSION = 1;
				GENERATE_INFOPLIST_FILE = YES;
				IPHONEOS_DEPLOYMENT_TARGET = 16.1;
				MARKETING_VERSION = 1.0;
				PRODUCT_BUNDLE_IDENTIFIER = ru.dmtri.VnavigateTests;
				PRODUCT_NAME = "$(TARGET_NAME)";
				SWIFT_EMIT_LOC_STRINGS = NO;
				SWIFT_VERSION = 5.0;
				TARGETED_DEVICE_FAMILY = "1,2";
				TEST_HOST = "$(BUILT_PRODUCTS_DIR)/Vnavigate.app/$(BUNDLE_EXECUTABLE_FOLDER_PATH)/Vnavigate";
			};
			name = Release;
		};
		467C76FE2948C378008FAC55 /* Debug */ = {
			isa = XCBuildConfiguration;
			buildSettings = {
				ALWAYS_EMBED_SWIFT_STANDARD_LIBRARIES = YES;
				CODE_SIGN_STYLE = Automatic;
				CURRENT_PROJECT_VERSION = 1;
				GENERATE_INFOPLIST_FILE = YES;
				MARKETING_VERSION = 1.0;
				PRODUCT_BUNDLE_IDENTIFIER = ru.dmtri.VnavigateUITests;
				PRODUCT_NAME = "$(TARGET_NAME)";
				SWIFT_EMIT_LOC_STRINGS = NO;
				SWIFT_VERSION = 5.0;
				TARGETED_DEVICE_FAMILY = "1,2";
				TEST_TARGET_NAME = Vnavigate;
			};
			name = Debug;
		};
		467C76FF2948C378008FAC55 /* Release */ = {
			isa = XCBuildConfiguration;
			buildSettings = {
				ALWAYS_EMBED_SWIFT_STANDARD_LIBRARIES = YES;
				CODE_SIGN_STYLE = Automatic;
				CURRENT_PROJECT_VERSION = 1;
				GENERATE_INFOPLIST_FILE = YES;
				MARKETING_VERSION = 1.0;
				PRODUCT_BUNDLE_IDENTIFIER = ru.dmtri.VnavigateUITests;
				PRODUCT_NAME = "$(TARGET_NAME)";
				SWIFT_EMIT_LOC_STRINGS = NO;
				SWIFT_VERSION = 5.0;
				TARGETED_DEVICE_FAMILY = "1,2";
				TEST_TARGET_NAME = Vnavigate;
			};
			name = Release;
		};
/* End XCBuildConfiguration section */

/* Begin XCConfigurationList section */
		467C76C82948C376008FAC55 /* Build configuration list for PBXProject "Vnavigate" */ = {
			isa = XCConfigurationList;
			buildConfigurations = (
				467C76F52948C378008FAC55 /* Debug */,
				467C76F62948C378008FAC55 /* Release */,
			);
			defaultConfigurationIsVisible = 0;
			defaultConfigurationName = Release;
		};
		467C76F72948C378008FAC55 /* Build configuration list for PBXNativeTarget "Vnavigate" */ = {
			isa = XCConfigurationList;
			buildConfigurations = (
				467C76F82948C378008FAC55 /* Debug */,
				467C76F92948C378008FAC55 /* Release */,
			);
			defaultConfigurationIsVisible = 0;
			defaultConfigurationName = Release;
		};
		467C76FA2948C378008FAC55 /* Build configuration list for PBXNativeTarget "VnavigateTests" */ = {
			isa = XCConfigurationList;
			buildConfigurations = (
				467C76FB2948C378008FAC55 /* Debug */,
				467C76FC2948C378008FAC55 /* Release */,
			);
			defaultConfigurationIsVisible = 0;
			defaultConfigurationName = Release;
		};
		467C76FD2948C378008FAC55 /* Build configuration list for PBXNativeTarget "VnavigateUITests" */ = {
			isa = XCConfigurationList;
			buildConfigurations = (
				467C76FE2948C378008FAC55 /* Debug */,
				467C76FF2948C378008FAC55 /* Release */,
			);
			defaultConfigurationIsVisible = 0;
			defaultConfigurationName = Release;
		};
/* End XCConfigurationList section */

/* Begin XCRemoteSwiftPackageReference section */
		461EA3D6295B074300BBFB14 /* XCRemoteSwiftPackageReference "firebase-ios-sdk" */ = {
			isa = XCRemoteSwiftPackageReference;
			repositoryURL = "https://github.com/firebase/firebase-ios-sdk";
			requirement = {
				kind = upToNextMajorVersion;
				minimumVersion = 9.0.0;
			};
		};
/* End XCRemoteSwiftPackageReference section */

/* Begin XCSwiftPackageProductDependency section */
		461EA3D7295B074300BBFB14 /* FirebaseAuth */ = {
			isa = XCSwiftPackageProductDependency;
			package = 461EA3D6295B074300BBFB14 /* XCRemoteSwiftPackageReference "firebase-ios-sdk" */;
			productName = FirebaseAuth;
		};
/* End XCSwiftPackageProductDependency section */
	};
	rootObject = 467C76C52948C376008FAC55 /* Project object */;
}
